hash: 2f9996ad928176404335b8a2f4fdcb471a81c0657ee57354cba4f3c9b8039617
updated: 2016-04-11T11:41:52.42917246-04:00
imports:
- name: github.com/Masterminds/glide
  version: 2d0eb388e16d833ba3c55068335b3577b6b09ff0
  subpackages:
  - cfg
  - util
- name: github.com/Masterminds/vcs
  version: b22ee1673cdd03ef47bb0b422736a7f17ff0648c
- name: gopkg.in/yaml.v2
  version: a83829b6f1293c91addabc89d0571c246397bbf4
devImports: []
